// !$*UTF8*$!
{
	archiveVersion = 1;
	classes = {
	};
	objectVersion = 56;
	objects = {

/* Begin PBXBuildFile section */
		5D7861A22A9BB35200E3EF1F /* AppDelegate.swift in Sources */ = {isa = PBXBuildFile; fileRef = 5D7861A12A9BB35200E3EF1F /* AppDelegate.swift */; };
		5D7861A42A9BB35200E3EF1F /* SceneDelegate.swift in Sources */ = {isa = PBXBuildFile; fileRef = 5D7861A32A9BB35200E3EF1F /* SceneDelegate.swift */; };
		5D7861A62A9BB35200E3EF1F /* ViewController.swift in Sources */ = {isa = PBXBuildFile; fileRef = 5D7861A52A9BB35200E3EF1F /* ViewController.swift */; };
		5D7861A92A9BB35200E3EF1F /* Main.storyboard in Resources */ = {isa = PBXBuildFile; fileRef = 5D7861A72A9BB35200E3EF1F /* Main.storyboard */; };
		5D7861AB2A9BB35300E3EF1F /* Assets.xcassets in Resources */ = {isa = PBXBuildFile; fileRef = 5D7861AA2A9BB35300E3EF1F /* Assets.xcassets */; };
		5D7861AE2A9BB35300E3EF1F /* LaunchScreen.storyboard in Resources */ = {isa = PBXBuildFile; fileRef = 5D7861AC2A9BB35300E3EF1F /* LaunchScreen.storyboard */; };
		5D7861B92A9BB35300E3EF1F /* IamAlpTests.swift in Sources */ = {isa = PBXBuildFile; fileRef = 5D7861B82A9BB35300E3EF1F /* IamAlpTests.swift */; };
		5D7861C32A9BB35300E3EF1F /* IamAlpUITests.swift in Sources */ = {isa = PBXBuildFile; fileRef = 5D7861C22A9BB35300E3EF1F /* IamAlpUITests.swift */; };
		5D7861C52A9BB35300E3EF1F /* IamAlpUITestsLaunchTests.swift in Sources */ = {isa = PBXBuildFile; fileRef = 5D7861C42A9BB35300E3EF1F /* IamAlpUITestsLaunchTests.swift */; };
/* End PBXBuildFile section */

/* Begin PBXContainerItemProxy section */
		5D7861B52A9BB35300E3EF1F /* PBXContainerItemProxy */ = {
			isa = PBXContainerItemProxy;
			containerPortal = 5D7861962A9BB35200E3EF1F /* Project object */;
			proxyType = 1;
			remoteGlobalIDString = 5D78619D2A9BB35200E3EF1F;
			remoteInfo = IamAlp;
		};
		5D7861BF2A9BB35300E3EF1F /* PBXContainerItemProxy */ = {
			isa = PBXContainerItemProxy;
			containerPortal = 5D7861962A9BB35200E3EF1F /* Project object */;
			proxyType = 1;
			remoteGlobalIDString = 5D78619D2A9BB35200E3EF1F;
			remoteInfo = IamAlp;
		};
/* End PBXContainerItemProxy section */

/* Begin PBXFileReference section */
		5D78619E2A9BB35200E3EF1F /* IamAlp.app */ = {isa = PBXFileReference; explicitFileType = wrapper.application; includeInIndex = 0; path = IamAlp.app; sourceTree = BUILT_PRODUCTS_DIR; };
		5D7861A12A9BB35200E3EF1F /* AppDelegate.swift */ = {isa = PBXFileReference; lastKnownFileType = sourcecode.swift; path = AppDelegate.swift; sourceTree = "<group>"; };
		5D7861A32A9BB35200E3EF1F /* SceneDelegate.swift */ = {isa = PBXFileReference; lastKnownFileType = sourcecode.swift; path = SceneDelegate.swift; sourceTree = "<group>"; };
		5D7861A52A9BB35200E3EF1F /* ViewController.swift */ = {isa = PBXFileReference; lastKnownFileType = sourcecode.swift; path = ViewController.swift; sourceTree = "<group>"; };
		5D7861A82A9BB35200E3EF1F /* Base */ = {isa = PBXFileReference; lastKnownFileType = file.storyboard; name = Base; path = Base.lproj/Main.storyboard; sourceTree = "<group>"; };
		5D7861AA2A9BB35300E3EF1F /* Assets.xcassets */ = {isa = PBXFileReference; lastKnownFileType = folder.assetcatalog; path = Assets.xcassets; sourceTree = "<group>"; };
		5D7861AD2A9BB35300E3EF1F /* Base */ = {isa = PBXFileReference; lastKnownFileType = file.storyboard; name = Base; path = Base.lproj/LaunchScreen.storyboard; sourceTree = "<group>"; };
		5D7861AF2A9BB35300E3EF1F /* Info.plist */ = {isa = PBXFileReference; lastKnownFileType = text.plist.xml; path = Info.plist; sourceTree = "<group>"; };
		5D7861B42A9BB35300E3EF1F /* IamAlpTests.xctest */ = {isa = PBXFileReference; explicitFileType = wrapper.cfbundle; includeInIndex = 0; path = IamAlpTests.xctest; sourceTree = BUILT_PRODUCTS_DIR; };
		5D7861B82A9BB35300E3EF1F /* IamAlpTests.swift */ = {isa = PBXFileReference; lastKnownFileType = sourcecode.swift; path = IamAlpTests.swift; sourceTree = "<group>"; };
		5D7861BE2A9BB35300E3EF1F /* IamAlpUITests.xctest */ = {isa = PBXFileReference; explicitFileType = wrapper.cfbundle; includeInIndex = 0; path = IamAlpUITests.xctest; sourceTree = BUILT_PRODUCTS_DIR; };
		5D7861C22A9BB35300E3EF1F /* IamAlpUITests.swift */ = {isa = PBXFileReference; lastKnownFileType = sourcecode.swift; path = IamAlpUITests.swift; sourceTree = "<group>"; };
		5D7861C42A9BB35300E3EF1F /* IamAlpUITestsLaunchTests.swift */ = {isa = PBXFileReference; lastKnownFileType = sourcecode.swift; path = IamAlpUITestsLaunchTests.swift; sourceTree = "<group>"; };
/* End PBXFileReference section */

/* Begin PBXFrameworksBuildPhase section */
		5D78619B2A9BB35200E3EF1F /* Frameworks */ = {
			isa = PBXFrameworksBuildPhase;
			buildActionMask = 2147483647;
			files = (
			);
			runOnlyForDeploymentPostprocessing = 0;
		};
		5D7861B12A9BB35300E3EF1F /* Frameworks */ = {
			isa = PBXFrameworksBuildPhase;
			buildActionMask = 2147483647;
			files = (
			);
			runOnlyForDeploymentPostprocessing = 0;
		};
		5D7861BB2A9BB35300E3EF1F /* Frameworks */ = {
			isa = PBXFrameworksBuildPhase;
			buildActionMask = 2147483647;
			files = (
			);
			runOnlyForDeploymentPostprocessing = 0;
		};
/* End PBXFrameworksBuildPhase section */

/* Begin PBXGroup section */
		5D7861952A9BB35200E3EF1F = {
			isa = PBXGroup;
			children = (
				5D7861A02A9BB35200E3EF1F /* IamAlp */,
				5D7861B72A9BB35300E3EF1F /* IamAlpTests */,
				5D7861C12A9BB35300E3EF1F /* IamAlpUITests */,
				5D78619F2A9BB35200E3EF1F /* Products */,
			);
			sourceTree = "<group>";
		};
		5D78619F2A9BB35200E3EF1F /* Products */ = {
			isa = PBXGroup;
			children = (
				5D78619E2A9BB35200E3EF1F /* IamAlp.app */,
				5D7861B42A9BB35300E3EF1F /* IamAlpTests.xctest */,
				5D7861BE2A9BB35300E3EF1F /* IamAlpUITests.xctest */,
			);
			name = Products;
			sourceTree = "<group>";
		};
		5D7861A02A9BB35200E3EF1F /* IamAlp */ = {
			isa = PBXGroup;
			children = (
				5D7861A12A9BB35200E3EF1F /* AppDelegate.swift */,
				5D7861A32A9BB35200E3EF1F /* SceneDelegate.swift */,
				5D7861A52A9BB35200E3EF1F /* ViewController.swift */,
				5D7861A72A9BB35200E3EF1F /* Main.storyboard */,
				5D7861AA2A9BB35300E3EF1F /* Assets.xcassets */,
				5D7861AC2A9BB35300E3EF1F /* LaunchScreen.storyboard */,
				5D7861AF2A9BB35300E3EF1F /* Info.plist */,
			);
			path = IamAlp;
			sourceTree = "<group>";
		};
		5D7861B72A9BB35300E3EF1F /* IamAlpTests */ = {
			isa = PBXGroup;
			children = (
				5D7861B82A9BB35300E3EF1F /* IamAlpTests.swift */,
			);
			path = IamAlpTests;
			sourceTree = "<group>";
		};
		5D7861C12A9BB35300E3EF1F /* IamAlpUITests */ = {
			isa = PBXGroup;
			children = (
				5D7861C22A9BB35300E3EF1F /* IamAlpUITests.swift */,
				5D7861C42A9BB35300E3EF1F /* IamAlpUITestsLaunchTests.swift */,
			);
			path = IamAlpUITests;
			sourceTree = "<group>";
		};
/* End PBXGroup section */

/* Begin PBXNativeTarget section */
		5D78619D2A9BB35200E3EF1F /* IamAlp */ = {
			isa = PBXNativeTarget;
			buildConfigurationList = 5D7861C82A9BB35300E3EF1F /* Build configuration list for PBXNativeTarget "IamAlp" */;
			buildPhases = (
				5D78619A2A9BB35200E3EF1F /* Sources */,
				5D78619B2A9BB35200E3EF1F /* Frameworks */,
				5D78619C2A9BB35200E3EF1F /* Resources */,
			);
			buildRules = (
			);
			dependencies = (
			);
			name = IamAlp;
			productName = IamAlp;
			productReference = 5D78619E2A9BB35200E3EF1F /* IamAlp.app */;
			productType = "com.apple.product-type.application";
		};
		5D7861B32A9BB35300E3EF1F /* IamAlpTests */ = {
			isa = PBXNativeTarget;
			buildConfigurationList = 5D7861CB2A9BB35300E3EF1F /* Build configuration list for PBXNativeTarget "IamAlpTests" */;
			buildPhases = (
				5D7861B02A9BB35300E3EF1F /* Sources */,
				5D7861B12A9BB35300E3EF1F /* Frameworks */,
				5D7861B22A9BB35300E3EF1F /* Resources */,
			);
			buildRules = (
			);
			dependencies = (
				5D7861B62A9BB35300E3EF1F /* PBXTargetDependency */,
			);
			name = IamAlpTests;
			productName = IamAlpTests;
			productReference = 5D7861B42A9BB35300E3EF1F /* IamAlpTests.xctest */;
			productType = "com.apple.product-type.bundle.unit-test";
		};
		5D7861BD2A9BB35300E3EF1F /* IamAlpUITests */ = {
			isa = PBXNativeTarget;
			buildConfigurationList = 5D7861CE2A9BB35300E3EF1F /* Build configuration list for PBXNativeTarget "IamAlpUITests" */;
			buildPhases = (
				5D7861BA2A9BB35300E3EF1F /* Sources */,
				5D7861BB2A9BB35300E3EF1F /* Frameworks */,
				5D7861BC2A9BB35300E3EF1F /* Resources */,
			);
			buildRules = (
			);
			dependencies = (
				5D7861C02A9BB35300E3EF1F /* PBXTargetDependency */,
			);
			name = IamAlpUITests;
			productName = IamAlpUITests;
			productReference = 5D7861BE2A9BB35300E3EF1F /* IamAlpUITests.xctest */;
			productType = "com.apple.product-type.bundle.ui-testing";
		};
/* End PBXNativeTarget section */

/* Begin PBXProject section */
		5D7861962A9BB35200E3EF1F /* Project object */ = {
			isa = PBXProject;
			attributes = {
				BuildIndependentTargetsInParallel = 1;
				LastSwiftUpdateCheck = 1430;
				LastUpgradeCheck = 1430;
				TargetAttributes = {
					5D78619D2A9BB35200E3EF1F = {
						CreatedOnToolsVersion = 14.3.1;
					};
					5D7861B32A9BB35300E3EF1F = {
						CreatedOnToolsVersion = 14.3.1;
						TestTargetID = 5D78619D2A9BB35200E3EF1F;
					};
					5D7861BD2A9BB35300E3EF1F = {
						CreatedOnToolsVersion = 14.3.1;
						TestTargetID = 5D78619D2A9BB35200E3EF1F;
					};
				};
			};
			buildConfigurationList = 5D7861992A9BB35200E3EF1F /* Build configuration list for PBXProject "IamAlp" */;
			compatibilityVersion = "Xcode 14.0";
			developmentRegion = en;
			hasScannedForEncodings = 0;
			knownRegions = (
				en,
				Base,
			);
			mainGroup = 5D7861952A9BB35200E3EF1F;
			productRefGroup = 5D78619F2A9BB35200E3EF1F /* Products */;
			projectDirPath = "";
			projectRoot = "";
			targets = (
				5D78619D2A9BB35200E3EF1F /* IamAlp */,
				5D7861B32A9BB35300E3EF1F /* IamAlpTests */,
				5D7861BD2A9BB35300E3EF1F /* IamAlpUITests */,
			);
		};
/* End PBXProject section */

/* Begin PBXResourcesBuildPhase section */
		5D78619C2A9BB35200E3EF1F /* Resources */ = {
			isa = PBXResourcesBuildPhase;
			buildActionMask = 2147483647;
			files = (
				5D7861AE2A9BB35300E3EF1F /* LaunchScreen.storyboard in Resources */,
				5D7861AB2A9BB35300E3EF1F /* Assets.xcassets in Resources */,
				5D7861A92A9BB35200E3EF1F /* Main.storyboard in Resources */,
			);
			runOnlyForDeploymentPostprocessing = 0;
		};
		5D7861B22A9BB35300E3EF1F /* Resources */ = {
			isa = PBXResourcesBuildPhase;
			buildActionMask = 2147483647;
			files = (
			);
			runOnlyForDeploymentPostprocessing = 0;
		};
		5D7861BC2A9BB35300E3EF1F /* Resources */ = {
			isa = PBXResourcesBuildPhase;
			buildActionMask = 2147483647;
			files = (
			);
			runOnlyForDeploymentPostprocessing = 0;
		};
/* End PBXResourcesBuildPhase section */

/* Begin PBXSourcesBuildPhase section */
		5D78619A2A9BB35200E3EF1F /* Sources */ = {
			isa = PBXSourcesBuildPhase;
			buildActionMask = 2147483647;
			files = (
				5D7861A62A9BB35200E3EF1F /* ViewController.swift in Sources */,
				5D7861A22A9BB35200E3EF1F /* AppDelegate.swift in Sources */,
				5D7861A42A9BB35200E3EF1F /* SceneDelegate.swift in Sources */,
			);
			runOnlyForDeploymentPostprocessing = 0;
		};
		5D7861B02A9BB35300E3EF1F /* Sources */ = {
			isa = PBXSourcesBuildPhase;
			buildActionMask = 2147483647;
			files = (
				5D7861B92A9BB35300E3EF1F /* IamAlpTests.swift in Sources */,
			);
			runOnlyForDeploymentPostprocessing = 0;
		};
		5D7861BA2A9BB35300E3EF1F /* Sources */ = {
			isa = PBXSourcesBuildPhase;
			buildActionMask = 2147483647;
			files = (
				5D7861C52A9BB35300E3EF1F /* IamAlpUITestsLaunchTests.swift in Sources */,
				5D7861C32A9BB35300E3EF1F /* IamAlpUITests.swift in Sources */,
			);
			runOnlyForDeploymentPostprocessing = 0;
		};
/* End PBXSourcesBuildPhase section */

/* Begin PBXTargetDependency section */
		5D7861B62A9BB35300E3EF1F /* PBXTargetDependency */ = {
			isa = PBXTargetDependency;
			target = 5D78619D2A9BB35200E3EF1F /* IamAlp */;
			targetProxy = 5D7861B52A9BB35300E3EF1F /* PBXContainerItemProxy */;
		};
		5D7861C02A9BB35300E3EF1F /* PBXTargetDependency */ = {
			isa = PBXTargetDependency;
			target = 5D78619D2A9BB35200E3EF1F /* IamAlp */;
			targetProxy = 5D7861BF2A9BB35300E3EF1F /* PBXContainerItemProxy */;
		};
/* End PBXTargetDependency section */

/* Begin PBXVariantGroup section */
		5D7861A72A9BB35200E3EF1F /* Main.storyboard */ = {
			isa = PBXVariantGroup;
			children = (
				5D7861A82A9BB35200E3EF1F /* Base */,
			);
			name = Main.storyboard;
			sourceTree = "<group>";
		};
		5D7861AC2A9BB35300E3EF1F /* LaunchScreen.storyboard */ = {
			isa = PBXVariantGroup;
			children = (
				5D7861AD2A9BB35300E3EF1F /* Base */,
			);
			name = LaunchScreen.storyboard;
			sourceTree = "<group>";
		};
/* End PBXVariantGroup section */

/* Begin XCBuildConfiguration section */
		5D7861C62A9BB35300E3EF1F /* Debug */ = {
			isa = XCBuildConfiguration;
			buildSettings = {
				ALWAYS_SEARCH_USER_PATHS = NO;
				CLANG_ANALYZER_NONNULL = YES;
				CLANG_ANALYZER_NUMBER_OBJECT_CONVERSION = YES_AGGRESSIVE;
				CLANG_CXX_LANGUAGE_STANDARD = "gnu++20";
				CLANG_ENABLE_MODULES = YES;
				CLANG_ENABLE_OBJC_ARC = YES;
				CLANG_ENABLE_OBJC_WEAK = YES;
				CLANG_WARN_BLOCK_CAPTURE_AUTORELEASING = YES;
				CLANG_WARN_BOOL_CONVERSION = YES;
				CLANG_WARN_COMMA = YES;
				CLANG_WARN_CONSTANT_CONVERSION = YES;
				CLANG_WARN_DEPRECATED_OBJC_IMPLEMENTATIONS = YES;
				CLANG_WARN_DIRECT_OBJC_ISA_USAGE = YES_ERROR;
				CLANG_WARN_DOCUMENTATION_COMMENTS = YES;
				CLANG_WARN_EMPTY_BODY = YES;
				CLANG_WARN_ENUM_CONVERSION = YES;
				CLANG_WARN_INFINITE_RECURSION = YES;
				CLANG_WARN_INT_CONVERSION = YES;
				CLANG_WARN_NON_LITERAL_NULL_CONVERSION = YES;
				CLANG_WARN_OBJC_IMPLICIT_RETAIN_SELF = YES;
				CLANG_WARN_OBJC_LITERAL_CONVERSION = YES;
				CLANG_WARN_OBJC_ROOT_CLASS = YES_ERROR;
				CLANG_WARN_QUOTED_INCLUDE_IN_FRAMEWORK_HEADER = YES;
				CLANG_WARN_RANGE_LOOP_ANALYSIS = YES;
				CLANG_WARN_STRICT_PROTOTYPES = YES;
				CLANG_WARN_SUSPICIOUS_MOVE = YES;
				CLANG_WARN_UNGUARDED_AVAILABILITY = YES_AGGRESSIVE;
				CLANG_WARN_UNREACHABLE_CODE = YES;
				CLANG_WARN__DUPLICATE_METHOD_MATCH = YES;
				COPY_PHASE_STRIP = NO;
				DEBUG_INFORMATION_FORMAT = dwarf;
				ENABLE_STRICT_OBJC_MSGSEND = YES;
				ENABLE_TESTABILITY = YES;
				GCC_C_LANGUAGE_STANDARD = gnu11;
				GCC_DYNAMIC_NO_PIC = NO;
				GCC_NO_COMMON_BLOCKS = YES;
				GCC_OPTIMIZATION_LEVEL = 0;
				GCC_PREPROCESSOR_DEFINITIONS = (
					"DEBUG=1",
					"$(inherited)",
				);
				GCC_WARN_64_TO_32_BIT_CONVERSION = YES;
				GCC_WARN_ABOUT_RETURN_TYPE = YES_ERROR;
				GCC_WARN_UNDECLARED_SELECTOR = YES;
				GCC_WARN_UNINITIALIZED_AUTOS = YES_AGGRESSIVE;
				GCC_WARN_UNUSED_FUNCTION = YES;
				GCC_WARN_UNUSED_VARIABLE = YES;
				IPHONEOS_DEPLOYMENT_TARGET = 16.4;
				MTL_ENABLE_DEBUG_INFO = INCLUDE_SOURCE;
				MTL_FAST_MATH = YES;
				ONLY_ACTIVE_ARCH = YES;
				SDKROOT = iphoneos;
				SWIFT_ACTIVE_COMPILATION_CONDITIONS = DEBUG;
				SWIFT_OPTIMIZATION_LEVEL = "-Onone";
			};
			name = Debug;
		};
		5D7861C72A9BB35300E3EF1F /* Release */ = {
			isa = XCBuildConfiguration;
			buildSettings = {
				ALWAYS_SEARCH_USER_PATHS = NO;
				CLANG_ANALYZER_NONNULL = YES;
				CLANG_ANALYZER_NUMBER_OBJECT_CONVERSION = YES_AGGRESSIVE;
				CLANG_CXX_LANGUAGE_STANDARD = "gnu++20";
				CLANG_ENABLE_MODULES = YES;
				CLANG_ENABLE_OBJC_ARC = YES;
				CLANG_ENABLE_OBJC_WEAK = YES;
				CLANG_WARN_BLOCK_CAPTURE_AUTORELEASING = YES;
				CLANG_WARN_BOOL_CONVERSION = YES;
				CLANG_WARN_COMMA = YES;
				CLANG_WARN_CONSTANT_CONVERSION = YES;
				CLANG_WARN_DEPRECATED_OBJC_IMPLEMENTATIONS = YES;
				CLANG_WARN_DIRECT_OBJC_ISA_USAGE = YES_ERROR;
				CLANG_WARN_DOCUMENTATION_COMMENTS = YES;
				CLANG_WARN_EMPTY_BODY = YES;
				CLANG_WARN_ENUM_CONVERSION = YES;
				CLANG_WARN_INFINITE_RECURSION = YES;
				CLANG_WARN_INT_CONVERSION = YES;
				CLANG_WARN_NON_LITERAL_NULL_CONVERSION = YES;
				CLANG_WARN_OBJC_IMPLICIT_RETAIN_SELF = YES;
				CLANG_WARN_OBJC_LITERAL_CONVERSION = YES;
				CLANG_WARN_OBJC_ROOT_CLASS = YES_ERROR;
				CLANG_WARN_QUOTED_INCLUDE_IN_FRAMEWORK_HEADER = YES;
				CLANG_WARN_RANGE_LOOP_ANALYSIS = YES;
				CLANG_WARN_STRICT_PROTOTYPES = YES;
				CLANG_WARN_SUSPICIOUS_MOVE = YES;
				CLANG_WARN_UNGUARDED_AVAILABILITY = YES_AGGRESSIVE;
				CLANG_WARN_UNREACHABLE_CODE = YES;
				CLANG_WARN__DUPLICATE_METHOD_MATCH = YES;
				COPY_PHASE_STRIP = NO;
				DEBUG_INFORMATION_FORMAT = "dwarf-with-dsym";
				ENABLE_NS_ASSERTIONS = NO;
				ENABLE_STRICT_OBJC_MSGSEND = YES;
				GCC_C_LANGUAGE_STANDARD = gnu11;
				GCC_NO_COMMON_BLOCKS = YES;
				GCC_WARN_64_TO_32_BIT_CONVERSION = YES;
				GCC_WARN_ABOUT_RETURN_TYPE = YES_ERROR;
				GCC_WARN_UNDECLARED_SELECTOR = YES;
				GCC_WARN_UNINITIALIZED_AUTOS = YES_AGGRESSIVE;
				GCC_WARN_UNUSED_FUNCTION = YES;
				GCC_WARN_UNUSED_VARIABLE = YES;
				IPHONEOS_DEPLOYMENT_TARGET = 16.4;
				MTL_ENABLE_DEBUG_INFO = NO;
				MTL_FAST_MATH = YES;
				SDKROOT = iphoneos;
				SWIFT_COMPILATION_MODE = wholemodule;
				SWIFT_OPTIMIZATION_LEVEL = "-O";
				VALIDATE_PRODUCT = YES;
			};
			name = Release;
		};
		5D7861C92A9BB35300E3EF1F /* Debug */ = {
			isa = XCBuildConfiguration;
			buildSettings = {
				ASSETCATALOG_COMPILER_APPICON_NAME = AppIcon;
				ASSETCATALOG_COMPILER_GLOBAL_ACCENT_COLOR_NAME = AccentColor;
				CODE_SIGN_STYLE = Automatic;
				CURRENT_PROJECT_VERSION = 1;
				GENERATE_INFOPLIST_FILE = YES;
				INFOPLIST_FILE = IamAlp/Info.plist;
				INFOPLIST_KEY_UIApplicationSupportsIndirectInputEvents = YES;
				INFOPLIST_KEY_UILaunchStoryboardName = LaunchScreen;
				INFOPLIST_KEY_UIMainStoryboardFile = Main;
				INFOPLIST_KEY_UISupportedInterfaceOrientations_iPad = "UIInterfaceOrientationPortrait UIInterfaceOrientationPortraitUpsideDown UIInterfaceOrientationLandscapeLeft UIInterfaceOrientationLandscapeRight";
				INFOPLIST_KEY_UISupportedInterfaceOrientations_iPhone = "UIInterfaceOrientationPortrait UIInterfaceOrientationLandscapeLeft UIInterfaceOrientationLandscapeRight";
				LD_RUNPATH_SEARCH_PATHS = (
					"$(inherited)",
					"@executable_path/Frameworks",
				);
				MARKETING_VERSION = 1.0;
				PRODUCT_BUNDLE_IDENTIFIER = info.IamAlp;
				PRODUCT_NAME = "$(TARGET_NAME)";
				SWIFT_EMIT_LOC_STRINGS = YES;
				SWIFT_VERSION = 5.0;
				TARGETED_DEVICE_FAMILY = "1,2";
			};
			name = Debug;
		};
		5D7861CA2A9BB35300E3EF1F /* Release */ = {
			isa = XCBuildConfiguration;
			buildSettings = {
				ASSETCATALOG_COMPILER_APPICON_NAME = AppIcon;
				ASSETCATALOG_COMPILER_GLOBAL_ACCENT_COLOR_NAME = AccentColor;
				CODE_SIGN_STYLE = Automatic;
				CURRENT_PROJECT_VERSION = 1;
				GENERATE_INFOPLIST_FILE = YES;
				INFOPLIST_FILE = IamAlp/Info.plist;
				INFOPLIST_KEY_UIApplicationSupportsIndirectInputEvents = YES;
				INFOPLIST_KEY_UILaunchStoryboardName = LaunchScreen;
				INFOPLIST_KEY_UIMainStoryboardFile = Main;
				INFOPLIST_KEY_UISupportedInterfaceOrientations_iPad = "UIInterfaceOrientationPortrait UIInterfaceOrientationPortraitUpsideDown UIInterfaceOrientationLandscapeLeft UIInterfaceOrientationLandscapeRight";
				INFOPLIST_KEY_UISupportedInterfaceOrientations_iPhone = "UIInterfaceOrientationPortrait UIInterfaceOrientationLandscapeLeft UIInterfaceOrientationLandscapeRight";
				LD_RUNPATH_SEARCH_PATHS = (
					"$(inherited)",
					"@executable_path/Frameworks",
				);
				MARKETING_VERSION = 1.0;
				PRODUCT_BUNDLE_IDENTIFIER = info.IamAlp;
				PRODUCT_NAME = "$(TARGET_NAME)";
				SWIFT_EMIT_LOC_STRINGS = YES;
				SWIFT_VERSION = 5.0;
				TARGETED_DEVICE_FAMILY = "1,2";
			};
			name = Release;
		};
		5D7861CC2A9BB35300E3EF1F /* Debug */ = {
			isa = XCBuildConfiguration;
			buildSettings = {
				ALWAYS_EMBED_SWIFT_STANDARD_LIBRARIES = YES;
				BUNDLE_LOADER = "$(TEST_HOST)";
				CODE_SIGN_STYLE = Automatic;
				CURRENT_PROJECT_VERSION = 1;
				GENERATE_INFOPLIST_FILE = YES;
				IPHONEOS_DEPLOYMENT_TARGET = 16.4;
				MARKETING_VERSION = 1.0;
				PRODUCT_BUNDLE_IDENTIFIER = info.IamAlpTests;
				PRODUCT_NAME = "$(TARGET_NAME)";
				SWIFT_EMIT_LOC_STRINGS = NO;
				SWIFT_VERSION = 5.0;
				TARGETED_DEVICE_FAMILY = "1,2";
				TEST_HOST = "$(BUILT_PRODUCTS_DIR)/IamAlp.app/$(BUNDLE_EXECUTABLE_FOLDER_PATH)/IamAlp";
			};
			name = Debug;
		};
		5D7861CD2A9BB35300E3EF1F /* Release */ = {
			isa = XCBuildConfiguration;
			buildSettings = {
				ALWAYS_EMBED_SWIFT_STANDARD_LIBRARIES = YES;
				BUNDLE_LOADER = "$(TEST_HOST)";
				CODE_SIGN_STYLE = Automatic;
				CURRENT_PROJECT_VERSION = 1;
				GENERATE_INFOPLIST_FILE = YES;
				IPHONEOS_DEPLOYMENT_TARGET = 16.4;
				MARKETING_VERSION = 1.0;
				PRODUCT_BUNDLE_IDENTIFIER = info.IamAlpTests;
				PRODUCT_NAME = "$(TARGET_NAME)";
				SWIFT_EMIT_LOC_STRINGS = NO;
				SWIFT_VERSION = 5.0;
				TARGETED_DEVICE_FAMILY = "1,2";
				TEST_HOST = "$(BUILT_PRODUCTS_DIR)/IamAlp.app/$(BUNDLE_EXECUTABLE_FOLDER_PATH)/IamAlp";
			};
			name = Release;
		};
		5D7861CF2A9BB35300E3EF1F /* Debug */ = {
			isa = XCBuildConfiguration;
			buildSettings = {
				ALWAYS_EMBED_SWIFT_STANDARD_LIBRARIES = YES;
				CODE_SIGN_STYLE = Automatic;
				CURRENT_PROJECT_VERSION = 1;
				GENERATE_INFOPLIST_FILE = YES;
				MARKETING_VERSION = 1.0;
				PRODUCT_BUNDLE_IDENTIFIER = info.IamAlpUITests;
				PRODUCT_NAME = "$(TARGET_NAME)";
				SWIFT_EMIT_LOC_STRINGS = NO;
				SWIFT_VERSION = 5.0;
				TARGETED_DEVICE_FAMILY = "1,2";
				TEST_TARGET_NAME = IamAlp;
			};
			name = Debug;
		};
		5D7861D02A9BB35300E3EF1F /* Release */ = {
			isa = XCBuildConfiguration;
			buildSettings = {
				ALWAYS_EMBED_SWIFT_STANDARD_LIBRARIES = YES;
				CODE_SIGN_STYLE = Automatic;
				CURRENT_PROJECT_VERSION = 1;
				GENERATE_INFOPLIST_FILE = YES;
				MARKETING_VERSION = 1.0;
				PRODUCT_BUNDLE_IDENTIFIER = info.IamAlpUITests;
				PRODUCT_NAME = "$(TARGET_NAME)";
				SWIFT_EMIT_LOC_STRINGS = NO;
				SWIFT_VERSION = 5.0;
				TARGETED_DEVICE_FAMILY = "1,2";
				TEST_TARGET_NAME = IamAlp;
			};
			name = Release;
		};
/* End XCBuildConfiguration section */

/* Begin XCConfigurationList section */
		5D7861992A9BB35200E3EF1F /* Build configuration list for PBXProject "IamAlp" */ = {
			isa = XCConfigurationList;
			buildConfigurations = (
				5D7861C62A9BB35300E3EF1F /* Debug */,
				5D7861C72A9BB35300E3EF1F /* Release */,
			);
			defaultConfigurationIsVisible = 0;
			defaultConfigurationName = Release;
		};
		5D7861C82A9BB35300E3EF1F /* Build configuration list for PBXNativeTarget "IamAlp" */ = {
			isa = XCConfigurationList;
			buildConfigurations = (
				5D7861C92A9BB35300E3EF1F /* Debug */,
				5D7861CA2A9BB35300E3EF1F /* Release */,
			);
			defaultConfigurationIsVisible = 0;
			defaultConfigurationName = Release;
		};
		5D7861CB2A9BB35300E3EF1F /* Build configuration list for PBXNativeTarget "IamAlpTests" */ = {
			isa = XCConfigurationList;
			buildConfigurations = (
				5D7861CC2A9BB35300E3EF1F /* Debug */,
				5D7861CD2A9BB35300E3EF1F /* Release */,
			);
			defaultConfigurationIsVisible = 0;
			defaultConfigurationName = Release;
		};
		5D7861CE2A9BB35300E3EF1F /* Build configuration list for PBXNativeTarget "IamAlpUITests" */ = {
			isa = XCConfigurationList;
			buildConfigurations = (
				5D7861CF2A9BB35300E3EF1F /* Debug */,
				5D7861D02A9BB35300E3EF1F /* Release */,
			);
			defaultConfigurationIsVisible = 0;
			defaultConfigurationName = Release;
		};
/* End XCConfigurationList section */
	};
	rootObject = 5D7861962A9BB35200E3EF1F /* Project object */;
}
